
Microsoft Visual Studio Solution File, Format Version 12.00
Project("{FAE04EC0-301F-11D3-BF4B-00C04F79EFBC}") = "FindFi", "FindFi\FindFi.csproj", "{0F8DC2E8-A484-420A-97A2-05C9421B94CD}"
EndProject
Project("{FAE04EC0-301F-11D3-BF4B-00C04F79EFBC}") = "FindFi.Domain", "FindFi.Domain\FindFi.Domain.csproj", "{A42433B8-004B-4F05-9020-F6E82A1BEBC6}"
EndProject
Project("{FAE04EC0-301F-11D3-BF4B-00C04F79EFBC}") = "FindFi.Dal", "FindFi.Dal\FindFi.Dal.csproj", "{14762767-097E-4F04-988F-98C7982DA26B}"
EndProject
Project("{FAE04EC0-301F-11D3-BF4B-00C04F79EFBC}") = "FindFi.Bll", "FindFi.Bll\FindFi.Bll.csproj", "{2A4B6D5E-9394-45B7-B5FE-A3F9EE9C1761}"
EndProject
Project("{FAE04EC0-301F-11D3-BF4B-00C04F79EFBC}") = "FindFi.Tests", "FindFi.Tests\FindFi.Tests.csproj", "{E7EFC2B6-01A3-45D9-A1F7-9E2D9A4C4A99}"
EndProject
Project("{FAE04EC0-301F-11D3-BF4B-00C04F79EFBC}") = "FindFi.AppHost", "FindFi.AppHost\FindFi.AppHost.csproj", "{0D8BC4C8-C399-441D-A1B8-AA8511634A51}"
EndProject
Global
	GlobalSection(SolutionConfigurationPlatforms) = preSolution
		Debug|Any CPU = Debug|Any CPU
		Debug|x64 = Debug|x64
		Debug|x86 = Debug|x86
		Release|Any CPU = Release|Any CPU
		Release|x64 = Release|x64
		Release|x86 = Release|x86
	EndGlobalSection
	GlobalSection(ProjectConfigurationPlatforms) = postSolution
		{0F8DC2E8-A484-420A-97A2-05C9421B94CD}.Debug|Any CPU.ActiveCfg = Debug|Any CPU
		{0F8DC2E8-A484-420A-97A2-05C9421B94CD}.Debug|Any CPU.Build.0 = Debug|Any CPU
		{0F8DC2E8-A484-420A-97A2-05C9421B94CD}.Debug|x64.ActiveCfg = Debug|Any CPU
		{0F8DC2E8-A484-420A-97A2-05C9421B94CD}.Debug|x64.Build.0 = Debug|Any CPU
		{0F8DC2E8-A484-420A-97A2-05C9421B94CD}.Debug|x86.ActiveCfg = Debug|Any CPU
		{0F8DC2E8-A484-420A-97A2-05C9421B94CD}.Debug|x86.Build.0 = Debug|Any CPU
		{0F8DC2E8-A484-420A-97A2-05C9421B94CD}.Release|Any CPU.ActiveCfg = Release|Any CPU
		{0F8DC2E8-A484-420A-97A2-05C9421B94CD}.Release|Any CPU.Build.0 = Release|Any CPU
		{0F8DC2E8-A484-420A-97A2-05C9421B94CD}.Release|x64.ActiveCfg = Release|Any CPU
		{0F8DC2E8-A484-420A-97A2-05C9421B94CD}.Release|x64.Build.0 = Release|Any CPU
		{0F8DC2E8-A484-420A-97A2-05C9421B94CD}.Release|x86.ActiveCfg = Release|Any CPU
		{0F8DC2E8-A484-420A-97A2-05C9421B94CD}.Release|x86.Build.0 = Release|Any CPU
		{A42433B8-004B-4F05-9020-F6E82A1BEBC6}.Debug|Any CPU.ActiveCfg = Debug|Any CPU
		{A42433B8-004B-4F05-9020-F6E82A1BEBC6}.Debug|Any CPU.Build.0 = Debug|Any CPU
		{A42433B8-004B-4F05-9020-F6E82A1BEBC6}.Debug|x64.ActiveCfg = Debug|Any CPU
		{A42433B8-004B-4F05-9020-F6E82A1BEBC6}.Debug|x64.Build.0 = Debug|Any CPU
		{A42433B8-004B-4F05-9020-F6E82A1BEBC6}.Debug|x86.ActiveCfg = Debug|Any CPU
		{A42433B8-004B-4F05-9020-F6E82A1BEBC6}.Debug|x86.Build.0 = Debug|Any CPU
		{A42433B8-004B-4F05-9020-F6E82A1BEBC6}.Release|Any CPU.ActiveCfg = Release|Any CPU
		{A42433B8-004B-4F05-9020-F6E82A1BEBC6}.Release|Any CPU.Build.0 = Release|Any CPU
		{A42433B8-004B-4F05-9020-F6E82A1BEBC6}.Release|x64.ActiveCfg = Release|Any CPU
		{A42433B8-004B-4F05-9020-F6E82A1BEBC6}.Release|x64.Build.0 = Release|Any CPU
		{A42433B8-004B-4F05-9020-F6E82A1BEBC6}.Release|x86.ActiveCfg = Release|Any CPU
		{A42433B8-004B-4F05-9020-F6E82A1BEBC6}.Release|x86.Build.0 = Release|Any CPU
		{14762767-097E-4F04-988F-98C7982DA26B}.Debug|Any CPU.ActiveCfg = Debug|Any CPU
		{14762767-097E-4F04-988F-98C7982DA26B}.Debug|Any CPU.Build.0 = Debug|Any CPU
		{14762767-097E-4F04-988F-98C7982DA26B}.Debug|x64.ActiveCfg = Debug|Any CPU
		{14762767-097E-4F04-988F-98C7982DA26B}.Debug|x64.Build.0 = Debug|Any CPU
		{14762767-097E-4F04-988F-98C7982DA26B}.Debug|x86.ActiveCfg = Debug|Any CPU
		{14762767-097E-4F04-988F-98C7982DA26B}.Debug|x86.Build.0 = Debug|Any CPU
		{14762767-097E-4F04-988F-98C7982DA26B}.Release|Any CPU.ActiveCfg = Release|Any CPU
		{14762767-097E-4F04-988F-98C7982DA26B}.Release|Any CPU.Build.0 = Release|Any CPU
		{14762767-097E-4F04-988F-98C7982DA26B}.Release|x64.ActiveCfg = Release|Any CPU
		{14762767-097E-4F04-988F-98C7982DA26B}.Release|x64.Build.0 = Release|Any CPU
		{14762767-097E-4F04-988F-98C7982DA26B}.Release|x86.ActiveCfg = Release|Any CPU
		{14762767-097E-4F04-988F-98C7982DA26B}.Release|x86.Build.0 = Release|Any CPU
		{2A4B6D5E-9394-45B7-B5FE-A3F9EE9C1761}.Debug|Any CPU.ActiveCfg = Debug|Any CPU
		{2A4B6D5E-9394-45B7-B5FE-A3F9EE9C1761}.Debug|Any CPU.Build.0 = Debug|Any CPU
		{2A4B6D5E-9394-45B7-B5FE-A3F9EE9C1761}.Debug|x64.ActiveCfg = Debug|Any CPU
		{2A4B6D5E-9394-45B7-B5FE-A3F9EE9C1761}.Debug|x64.Build.0 = Debug|Any CPU
		{2A4B6D5E-9394-45B7-B5FE-A3F9EE9C1761}.Debug|x86.ActiveCfg = Debug|Any CPU
		{2A4B6D5E-9394-45B7-B5FE-A3F9EE9C1761}.Debug|x86.Build.0 = Debug|Any CPU
		{2A4B6D5E-9394-45B7-B5FE-A3F9EE9C1761}.Release|Any CPU.ActiveCfg = Release|Any CPU
		{2A4B6D5E-9394-45B7-B5FE-A3F9EE9C1761}.Release|Any CPU.Build.0 = Release|Any CPU
		{2A4B6D5E-9394-45B7-B5FE-A3F9EE9C1761}.Release|x64.ActiveCfg = Release|Any CPU
		{2A4B6D5E-9394-45B7-B5FE-A3F9EE9C1761}.Release|x64.Build.0 = Release|Any CPU
		{2A4B6D5E-9394-45B7-B5FE-A3F9EE9C1761}.Release|x86.ActiveCfg = Release|Any CPU
		{2A4B6D5E-9394-45B7-B5FE-A3F9EE9C1761}.Release|x86.Build.0 = Release|Any CPU
		{E7EFC2B6-01A3-45D9-A1F7-9E2D9A4C4A99}.Debug|Any CPU.ActiveCfg = Debug|Any CPU
		{E7EFC2B6-01A3-45D9-A1F7-9E2D9A4C4A99}.Debug|Any CPU.Build.0 = Debug|Any CPU
		{E7EFC2B6-01A3-45D9-A1F7-9E2D9A4C4A99}.Debug|x64.ActiveCfg = Debug|Any CPU
		{E7EFC2B6-01A3-45D9-A1F7-9E2D9A4C4A99}.Debug|x64.Build.0 = Debug|Any CPU
		{E7EFC2B6-01A3-45D9-A1F7-9E2D9A4C4A99}.Debug|x86.ActiveCfg = Debug|Any CPU
		{E7EFC2B6-01A3-45D9-A1F7-9E2D9A4C4A99}.Debug|x86.Build.0 = Debug|Any CPU
		{E7EFC2B6-01A3-45D9-A1F7-9E2D9A4C4A99}.Release|Any CPU.ActiveCfg = Release|Any CPU
		{E7EFC2B6-01A3-45D9-A1F7-9E2D9A4C4A99}.Release|Any CPU.Build.0 = Release|Any CPU
		{E7EFC2B6-01A3-45D9-A1F7-9E2D9A4C4A99}.Release|x64.ActiveCfg = Release|Any CPU
		{E7EFC2B6-01A3-45D9-A1F7-9E2D9A4C4A99}.Release|x64.Build.0 = Release|Any CPU
		{E7EFC2B6-01A3-45D9-A1F7-9E2D9A4C4A99}.Release|x86.ActiveCfg = Release|Any CPU
		{E7EFC2B6-01A3-45D9-A1F7-9E2D9A4C4A99}.Release|x86.Build.0 = Release|Any CPU
		{0D8BC4C8-C399-441D-A1B8-AA8511634A51}.Debug|Any CPU.ActiveCfg = Debug|Any CPU
		{0D8BC4C8-C399-441D-A1B8-AA8511634A51}.Debug|Any CPU.Build.0 = Debug|Any CPU
		{0D8BC4C8-C399-441D-A1B8-AA8511634A51}.Debug|x64.ActiveCfg = Debug|Any CPU
		{0D8BC4C8-C399-441D-A1B8-AA8511634A51}.Debug|x64.Build.0 = Debug|Any CPU
		{0D8BC4C8-C399-441D-A1B8-AA8511634A51}.Debug|x86.ActiveCfg = Debug|Any CPU
		{0D8BC4C8-C399-441D-A1B8-AA8511634A51}.Debug|x86.Build.0 = Debug|Any CPU
		{0D8BC4C8-C399-441D-A1B8-AA8511634A51}.Release|Any CPU.ActiveCfg = Release|Any CPU
		{0D8BC4C8-C399-441D-A1B8-AA8511634A51}.Release|Any CPU.Build.0 = Release|Any CPU
		{0D8BC4C8-C399-441D-A1B8-AA8511634A51}.Release|x64.ActiveCfg = Release|Any CPU
		{0D8BC4C8-C399-441D-A1B8-AA8511634A51}.Release|x64.Build.0 = Release|Any CPU
		{0D8BC4C8-C399-441D-A1B8-AA8511634A51}.Release|x86.ActiveCfg = Release|Any CPU
		{0D8BC4C8-C399-441D-A1B8-AA8511634A51}.Release|x86.Build.0 = Release|Any CPU
	EndGlobalSection
	GlobalSection(SolutionProperties) = preSolution
		HideSolutionNode = FALSE
	EndGlobalSection
EndGlobal
